// !$*UTF8*$!
{
	archiveVersion = 1;
	classes = {
	};
	objectVersion = 50;
	objects = {

/* Begin PBXBuildFile section */
		38342348257B7FED005E5F47 /* CriteriaManager.swift in Sources */ = {isa = PBXBuildFile; fileRef = 38342347257B7FED005E5F47 /* CriteriaManager.swift */; };
		3834234C257BA441005E5F47 /* Criterion.swift in Sources */ = {isa = PBXBuildFile; fileRef = 3834234B257BA441005E5F47 /* Criterion.swift */; };
		38B92CA8257BC2DF000C957F /* CriteriaTableViewCell.swift in Sources */ = {isa = PBXBuildFile; fileRef = 38B92CA7257BC2DF000C957F /* CriteriaTableViewCell.swift */; };
		38B92CAB257BDEF2000C957F /* CriterionDetailsViewController.swift in Sources */ = {isa = PBXBuildFile; fileRef = 38B92CAA257BDEF2000C957F /* CriterionDetailsViewController.swift */; };
		38B92CB1257D0D2B000C957F /* CriteriaSummaryViewController.swift in Sources */ = {isa = PBXBuildFile; fileRef = 38B92CB0257D0D2B000C957F /* CriteriaSummaryViewController.swift */; };
		38B92CB5257D0FCF000C957F /* UIButton+Helper.swift in Sources */ = {isa = PBXBuildFile; fileRef = 38B92CB4257D0FCF000C957F /* UIButton+Helper.swift */; };
		38DFFBD5257B73EE00A29101 /* data.csv in Resources */ = {isa = PBXBuildFile; fileRef = 38DFFBD4257B73EE00A29101 /* data.csv */; };
		38DFFBDA257B7D5300A29101 /* CriteriaListViewController.swift in Sources */ = {isa = PBXBuildFile; fileRef = 38DFFBD9257B7D5300A29101 /* CriteriaListViewController.swift */; };
		A410B4C6257A914000F7BF9A /* ParseManager.swift in Sources */ = {isa = PBXBuildFile; fileRef = A410B4C5257A914000F7BF9A /* ParseManager.swift */; };
		A410B4CA257A91AD00F7BF9A /* csv.swift in Sources */ = {isa = PBXBuildFile; fileRef = A410B4C9257A91AD00F7BF9A /* csv.swift */; };
		A498229C257A8B6000E087B6 /* InstitutionsListViewController.swift in Sources */ = {isa = PBXBuildFile; fileRef = A498229B257A8B6000E087B6 /* InstitutionsListViewController.swift */; };
		D17E9591256D6B8200DD43E1 /* AppDelegate.swift in Sources */ = {isa = PBXBuildFile; fileRef = D17E9590256D6B8200DD43E1 /* AppDelegate.swift */; };
		D17E9593256D6B8200DD43E1 /* SceneDelegate.swift in Sources */ = {isa = PBXBuildFile; fileRef = D17E9592256D6B8200DD43E1 /* SceneDelegate.swift */; };
		D17E9598256D6B8200DD43E1 /* Main.storyboard in Resources */ = {isa = PBXBuildFile; fileRef = D17E9596256D6B8200DD43E1 /* Main.storyboard */; };
		D17E959A256D6B8300DD43E1 /* Assets.xcassets in Resources */ = {isa = PBXBuildFile; fileRef = D17E9599256D6B8300DD43E1 /* Assets.xcassets */; };
		D17E959D256D6B8300DD43E1 /* LaunchScreen.storyboard in Resources */ = {isa = PBXBuildFile; fileRef = D17E959B256D6B8300DD43E1 /* LaunchScreen.storyboard */; };
/* End PBXBuildFile section */

/* Begin PBXFileReference section */
		38342347257B7FED005E5F47 /* CriteriaManager.swift */ = {isa = PBXFileReference; lastKnownFileType = sourcecode.swift; path = CriteriaManager.swift; sourceTree = "<group>"; };
		3834234B257BA441005E5F47 /* Criterion.swift */ = {isa = PBXFileReference; lastKnownFileType = sourcecode.swift; path = Criterion.swift; sourceTree = "<group>"; };
		38B92CA7257BC2DF000C957F /* CriteriaTableViewCell.swift */ = {isa = PBXFileReference; lastKnownFileType = sourcecode.swift; path = CriteriaTableViewCell.swift; sourceTree = "<group>"; };
		38B92CAA257BDEF2000C957F /* CriterionDetailsViewController.swift */ = {isa = PBXFileReference; lastKnownFileType = sourcecode.swift; path = CriterionDetailsViewController.swift; sourceTree = "<group>"; };
		38B92CB0257D0D2B000C957F /* CriteriaSummaryViewController.swift */ = {isa = PBXFileReference; lastKnownFileType = sourcecode.swift; path = CriteriaSummaryViewController.swift; sourceTree = "<group>"; };
		38B92CB4257D0FCF000C957F /* UIButton+Helper.swift */ = {isa = PBXFileReference; lastKnownFileType = sourcecode.swift; path = "UIButton+Helper.swift"; sourceTree = "<group>"; };
		38DFFBD4257B73EE00A29101 /* data.csv */ = {isa = PBXFileReference; fileEncoding = 4; lastKnownFileType = text; path = data.csv; sourceTree = "<group>"; };
		38DFFBD9257B7D5300A29101 /* CriteriaListViewController.swift */ = {isa = PBXFileReference; lastKnownFileType = sourcecode.swift; path = CriteriaListViewController.swift; sourceTree = "<group>"; };
		A410B4C5257A914000F7BF9A /* ParseManager.swift */ = {isa = PBXFileReference; lastKnownFileType = sourcecode.swift; path = ParseManager.swift; sourceTree = "<group>"; };
		A410B4C9257A91AD00F7BF9A /* csv.swift */ = {isa = PBXFileReference; lastKnownFileType = sourcecode.swift; path = csv.swift; sourceTree = "<group>"; };
		A498229B257A8B6000E087B6 /* InstitutionsListViewController.swift */ = {isa = PBXFileReference; lastKnownFileType = sourcecode.swift; path = InstitutionsListViewController.swift; sourceTree = "<group>"; };
		D17E958D256D6B8200DD43E1 /* SPA Project.app */ = {isa = PBXFileReference; explicitFileType = wrapper.application; includeInIndex = 0; path = "SPA Project.app"; sourceTree = BUILT_PRODUCTS_DIR; };
		D17E9590256D6B8200DD43E1 /* AppDelegate.swift */ = {isa = PBXFileReference; lastKnownFileType = sourcecode.swift; path = AppDelegate.swift; sourceTree = "<group>"; };
		D17E9592256D6B8200DD43E1 /* SceneDelegate.swift */ = {isa = PBXFileReference; lastKnownFileType = sourcecode.swift; path = SceneDelegate.swift; sourceTree = "<group>"; };
		D17E9597256D6B8200DD43E1 /* Base */ = {isa = PBXFileReference; lastKnownFileType = file.storyboard; name = Base; path = Base.lproj/Main.storyboard; sourceTree = "<group>"; };
		D17E9599256D6B8300DD43E1 /* Assets.xcassets */ = {isa = PBXFileReference; lastKnownFileType = folder.assetcatalog; path = Assets.xcassets; sourceTree = "<group>"; };
		D17E959C256D6B8300DD43E1 /* Base */ = {isa = PBXFileReference; lastKnownFileType = file.storyboard; name = Base; path = Base.lproj/LaunchScreen.storyboard; sourceTree = "<group>"; };
		D17E959E256D6B8300DD43E1 /* Info.plist */ = {isa = PBXFileReference; lastKnownFileType = text.plist.xml; path = Info.plist; sourceTree = "<group>"; };
/* End PBXFileReference section */

/* Begin PBXFrameworksBuildPhase section */
		D17E958A256D6B8200DD43E1 /* Frameworks */ = {
			isa = PBXFrameworksBuildPhase;
			buildActionMask = 2147483647;
			files = (
			);
			runOnlyForDeploymentPostprocessing = 0;
		};
/* End PBXFrameworksBuildPhase section */

/* Begin PBXGroup section */
		38342346257B7FC7005E5F47 /* CriteriaManager */ = {
			isa = PBXGroup;
			children = (
				3834234B257BA441005E5F47 /* Criterion.swift */,
				38342347257B7FED005E5F47 /* CriteriaManager.swift */,
			);
			path = CriteriaManager;
			sourceTree = "<group>";
		};
		38B92CB3257D0FBE000C957F /* Helpers */ = {
			isa = PBXGroup;
			children = (
				38B92CB4257D0FCF000C957F /* UIButton+Helper.swift */,
			);
			path = Helpers;
			sourceTree = "<group>";
		};
		38DFFBD8257B7D1C00A29101 /* CriteriaList */ = {
			isa = PBXGroup;
			children = (
				38DFFBD9257B7D5300A29101 /* CriteriaListViewController.swift */,
				38B92CA7257BC2DF000C957F /* CriteriaTableViewCell.swift */,
				38B92CAA257BDEF2000C957F /* CriterionDetailsViewController.swift */,
				38B92CB0257D0D2B000C957F /* CriteriaSummaryViewController.swift */,
			);
			path = CriteriaList;
			sourceTree = "<group>";
		};
		A410B4C3257A911A00F7BF9A /* Managers */ = {
			isa = PBXGroup;
			children = (
				38342346257B7FC7005E5F47 /* CriteriaManager */,
				A410B4C4257A912400F7BF9A /* ParseManager */,
			);
			path = Managers;
			sourceTree = "<group>";
		};
		A410B4C4257A912400F7BF9A /* ParseManager */ = {
			isa = PBXGroup;
			children = (
				A410B4C5257A914000F7BF9A /* ParseManager.swift */,
			);
			path = ParseManager;
			sourceTree = "<group>";
		};
		A4982298257A8B0D00E087B6 /* Scenes */ = {
			isa = PBXGroup;
			children = (
				38DFFBD8257B7D1C00A29101 /* CriteriaList */,
				A4982299257A8B1200E087B6 /* InstitutionsList */,
			);
			path = Scenes;
			sourceTree = "<group>";
		};
		A4982299257A8B1200E087B6 /* InstitutionsList */ = {
			isa = PBXGroup;
			children = (
				A498229B257A8B6000E087B6 /* InstitutionsListViewController.swift */,
			);
			path = InstitutionsList;
			sourceTree = "<group>";
		};
		D17E9584256D6B8200DD43E1 = {
			isa = PBXGroup;
			children = (
				D17E958F256D6B8200DD43E1 /* SPA Project */,
				D17E958E256D6B8200DD43E1 /* Products */,
			);
			sourceTree = "<group>";
		};
		D17E958E256D6B8200DD43E1 /* Products */ = {
			isa = PBXGroup;
			children = (
				D17E958D256D6B8200DD43E1 /* SPA Project.app */,
			);
			name = Products;
			sourceTree = "<group>";
		};
		D17E958F256D6B8200DD43E1 /* SPA Project */ = {
			isa = PBXGroup;
			children = (
				D17E9590256D6B8200DD43E1 /* AppDelegate.swift */,
				D17E9592256D6B8200DD43E1 /* SceneDelegate.swift */,
				D17E9599256D6B8300DD43E1 /* Assets.xcassets */,
				D17E959E256D6B8300DD43E1 /* Info.plist */,
				38B92CB3257D0FBE000C957F /* Helpers */,
				A410B4C3257A911A00F7BF9A /* Managers */,
				A4982298257A8B0D00E087B6 /* Scenes */,
				D17E9596256D6B8200DD43E1 /* Main.storyboard */,
				D17E959B256D6B8300DD43E1 /* LaunchScreen.storyboard */,
				38DFFBD4257B73EE00A29101 /* data.csv */,
				A410B4C9257A91AD00F7BF9A /* csv.swift */,
			);
			path = "SPA Project";
			sourceTree = "<group>";
		};
/* End PBXGroup section */

/* Begin PBXNativeTarget section */
		D17E958C256D6B8200DD43E1 /* SPA Project */ = {
			isa = PBXNativeTarget;
			buildConfigurationList = D17E95A1256D6B8300DD43E1 /* Build configuration list for PBXNativeTarget "SPA Project" */;
			buildPhases = (
				D17E9589256D6B8200DD43E1 /* Sources */,
				D17E958A256D6B8200DD43E1 /* Frameworks */,
				D17E958B256D6B8200DD43E1 /* Resources */,
			);
			buildRules = (
			);
			dependencies = (
			);
			name = "SPA Project";
			productName = "SPA Project";
			productReference = D17E958D256D6B8200DD43E1 /* SPA Project.app */;
			productType = "com.apple.product-type.application";
		};
/* End PBXNativeTarget section */

/* Begin PBXProject section */
		D17E9585256D6B8200DD43E1 /* Project object */ = {
			isa = PBXProject;
			attributes = {
				LastSwiftUpdateCheck = 1220;
				LastUpgradeCheck = 1220;
				TargetAttributes = {
					D17E958C256D6B8200DD43E1 = {
						CreatedOnToolsVersion = 12.2;
					};
				};
			};
			buildConfigurationList = D17E9588256D6B8200DD43E1 /* Build configuration list for PBXProject "SPA Project" */;
			compatibilityVersion = "Xcode 9.3";
			developmentRegion = en;
			hasScannedForEncodings = 0;
			knownRegions = (
				en,
				Base,
			);
			mainGroup = D17E9584256D6B8200DD43E1;
			productRefGroup = D17E958E256D6B8200DD43E1 /* Products */;
			projectDirPath = "";
			projectRoot = "";
			targets = (
				D17E958C256D6B8200DD43E1 /* SPA Project */,
			);
		};
/* End PBXProject section */

/* Begin PBXResourcesBuildPhase section */
		D17E958B256D6B8200DD43E1 /* Resources */ = {
			isa = PBXResourcesBuildPhase;
			buildActionMask = 2147483647;
			files = (
				38DFFBD5257B73EE00A29101 /* data.csv in Resources */,
				D17E959D256D6B8300DD43E1 /* LaunchScreen.storyboard in Resources */,
				D17E959A256D6B8300DD43E1 /* Assets.xcassets in Resources */,
				D17E9598256D6B8200DD43E1 /* Main.storyboard in Resources */,
			);
			runOnlyForDeploymentPostprocessing = 0;
		};
/* End PBXResourcesBuildPhase section */

/* Begin PBXSourcesBuildPhase section */
		D17E9589256D6B8200DD43E1 /* Sources */ = {
			isa = PBXSourcesBuildPhase;
			buildActionMask = 2147483647;
			files = (
				A498229C257A8B6000E087B6 /* InstitutionsListViewController.swift in Sources */,
				38B92CB5257D0FCF000C957F /* UIButton+Helper.swift in Sources */,
				A410B4C6257A914000F7BF9A /* ParseManager.swift in Sources */,
				D17E9591256D6B8200DD43E1 /* AppDelegate.swift in Sources */,
				38B92CAB257BDEF2000C957F /* CriterionDetailsViewController.swift in Sources */,
				38B92CA8257BC2DF000C957F /* CriteriaTableViewCell.swift in Sources */,
				38342348257B7FED005E5F47 /* CriteriaManager.swift in Sources */,
				3834234C257BA441005E5F47 /* Criterion.swift in Sources */,
				D17E9593256D6B8200DD43E1 /* SceneDelegate.swift in Sources */,
				38B92CB1257D0D2B000C957F /* CriteriaSummaryViewController.swift in Sources */,
				38DFFBDA257B7D5300A29101 /* CriteriaListViewController.swift in Sources */,
				A410B4CA257A91AD00F7BF9A /* csv.swift in Sources */,
			);
			runOnlyForDeploymentPostprocessing = 0;
		};
/* End PBXSourcesBuildPhase section */

/* Begin PBXVariantGroup section */
		D17E9596256D6B8200DD43E1 /* Main.storyboard */ = {
			isa = PBXVariantGroup;
			children = (
				D17E9597256D6B8200DD43E1 /* Base */,
			);
			name = Main.storyboard;
			sourceTree = "<group>";
		};
		D17E959B256D6B8300DD43E1 /* LaunchScreen.storyboard */ = {
			isa = PBXVariantGroup;
			children = (
				D17E959C256D6B8300DD43E1 /* Base */,
			);
			name = LaunchScreen.storyboard;
			sourceTree = "<group>";
		};
/* End PBXVariantGroup section */

/* Begin XCBuildConfiguration section */
		D17E959F256D6B8300DD43E1 /* Debug */ = {
			isa = XCBuildConfiguration;
			buildSettings = {
				ALWAYS_SEARCH_USER_PATHS = NO;
				CLANG_ANALYZER_NONNULL = YES;
				CLANG_ANALYZER_NUMBER_OBJECT_CONVERSION = YES_AGGRESSIVE;
				CLANG_CXX_LANGUAGE_STANDARD = "gnu++14";
				CLANG_CXX_LIBRARY = "libc++";
				CLANG_ENABLE_MODULES = YES;
				CLANG_ENABLE_OBJC_ARC = YES;
				CLANG_ENABLE_OBJC_WEAK = YES;
				CLANG_WARN_BLOCK_CAPTURE_AUTORELEASING = YES;
				CLANG_WARN_BOOL_CONVERSION = YES;
				CLANG_WARN_COMMA = YES;
				CLANG_WARN_CONSTANT_CONVERSION = YES;
				CLANG_WARN_DEPRECATED_OBJC_IMPLEMENTATIONS = YES;
				CLANG_WARN_DIRECT_OBJC_ISA_USAGE = YES_ERROR;
				CLANG_WARN_DOCUMENTATION_COMMENTS = YES;
				CLANG_WARN_EMPTY_BODY = YES;
				CLANG_WARN_ENUM_CONVERSION = YES;
				CLANG_WARN_INFINITE_RECURSION = YES;
				CLANG_WARN_INT_CONVERSION = YES;
				CLANG_WARN_NON_LITERAL_NULL_CONVERSION = YES;
				CLANG_WARN_OBJC_IMPLICIT_RETAIN_SELF = YES;
				CLANG_WARN_OBJC_LITERAL_CONVERSION = YES;
				CLANG_WARN_OBJC_ROOT_CLASS = YES_ERROR;
				CLANG_WARN_QUOTED_INCLUDE_IN_FRAMEWORK_HEADER = YES;
				CLANG_WARN_RANGE_LOOP_ANALYSIS = YES;
				CLANG_WARN_STRICT_PROTOTYPES = YES;
				CLANG_WARN_SUSPICIOUS_MOVE = YES;
				CLANG_WARN_UNGUARDED_AVAILABILITY = YES_AGGRESSIVE;
				CLANG_WARN_UNREACHABLE_CODE = YES;
				CLANG_WARN__DUPLICATE_METHOD_MATCH = YES;
				COPY_PHASE_STRIP = NO;
				DEBUG_INFORMATION_FORMAT = dwarf;
				ENABLE_STRICT_OBJC_MSGSEND = YES;
				ENABLE_TESTABILITY = YES;
				GCC_C_LANGUAGE_STANDARD = gnu11;
				GCC_DYNAMIC_NO_PIC = NO;
				GCC_NO_COMMON_BLOCKS = YES;
				GCC_OPTIMIZATION_LEVEL = 0;
				GCC_PREPROCESSOR_DEFINITIONS = (
					"DEBUG=1",
					"$(inherited)",
				);
				GCC_WARN_64_TO_32_BIT_CONVERSION = YES;
				GCC_WARN_ABOUT_RETURN_TYPE = YES_ERROR;
				GCC_WARN_UNDECLARED_SELECTOR = YES;
				GCC_WARN_UNINITIALIZED_AUTOS = YES_AGGRESSIVE;
				GCC_WARN_UNUSED_FUNCTION = YES;
				GCC_WARN_UNUSED_VARIABLE = YES;
				IPHONEOS_DEPLOYMENT_TARGET = 14.2;
				MTL_ENABLE_DEBUG_INFO = INCLUDE_SOURCE;
				MTL_FAST_MATH = YES;
				ONLY_ACTIVE_ARCH = YES;
				SDKROOT = iphoneos;
				SWIFT_ACTIVE_COMPILATION_CONDITIONS = DEBUG;
				SWIFT_OPTIMIZATION_LEVEL = "-Onone";
			};
			name = Debug;
		};
		D17E95A0256D6B8300DD43E1 /* Release */ = {
			isa = XCBuildConfiguration;
			buildSettings = {
				ALWAYS_SEARCH_USER_PATHS = NO;
				CLANG_ANALYZER_NONNULL = YES;
				CLANG_ANALYZER_NUMBER_OBJECT_CONVERSION = YES_AGGRESSIVE;
				CLANG_CXX_LANGUAGE_STANDARD = "gnu++14";
				CLANG_CXX_LIBRARY = "libc++";
				CLANG_ENABLE_MODULES = YES;
				CLANG_ENABLE_OBJC_ARC = YES;
				CLANG_ENABLE_OBJC_WEAK = YES;
				CLANG_WARN_BLOCK_CAPTURE_AUTORELEASING = YES;
				CLANG_WARN_BOOL_CONVERSION = YES;
				CLANG_WARN_COMMA = YES;
				CLANG_WARN_CONSTANT_CONVERSION = YES;
				CLANG_WARN_DEPRECATED_OBJC_IMPLEMENTATIONS = YES;
				CLANG_WARN_DIRECT_OBJC_ISA_USAGE = YES_ERROR;
				CLANG_WARN_DOCUMENTATION_COMMENTS = YES;
				CLANG_WARN_EMPTY_BODY = YES;
				CLANG_WARN_ENUM_CONVERSION = YES;
				CLANG_WARN_INFINITE_RECURSION = YES;
				CLANG_WARN_INT_CONVERSION = YES;
				CLANG_WARN_NON_LITERAL_NULL_CONVERSION = YES;
				CLANG_WARN_OBJC_IMPLICIT_RETAIN_SELF = YES;
				CLANG_WARN_OBJC_LITERAL_CONVERSION = YES;
				CLANG_WARN_OBJC_ROOT_CLASS = YES_ERROR;
				CLANG_WARN_QUOTED_INCLUDE_IN_FRAMEWORK_HEADER = YES;
				CLANG_WARN_RANGE_LOOP_ANALYSIS = YES;
				CLANG_WARN_STRICT_PROTOTYPES = YES;
				CLANG_WARN_SUSPICIOUS_MOVE = YES;
				CLANG_WARN_UNGUARDED_AVAILABILITY = YES_AGGRESSIVE;
				CLANG_WARN_UNREACHABLE_CODE = YES;
				CLANG_WARN__DUPLICATE_METHOD_MATCH = YES;
				COPY_PHASE_STRIP = NO;
				DEBUG_INFORMATION_FORMAT = "dwarf-with-dsym";
				ENABLE_NS_ASSERTIONS = NO;
				ENABLE_STRICT_OBJC_MSGSEND = YES;
				GCC_C_LANGUAGE_STANDARD = gnu11;
				GCC_NO_COMMON_BLOCKS = YES;
				GCC_WARN_64_TO_32_BIT_CONVERSION = YES;
				GCC_WARN_ABOUT_RETURN_TYPE = YES_ERROR;
				GCC_WARN_UNDECLARED_SELECTOR = YES;
				GCC_WARN_UNINITIALIZED_AUTOS = YES_AGGRESSIVE;
				GCC_WARN_UNUSED_FUNCTION = YES;
				GCC_WARN_UNUSED_VARIABLE = YES;
				IPHONEOS_DEPLOYMENT_TARGET = 14.2;
				MTL_ENABLE_DEBUG_INFO = NO;
				MTL_FAST_MATH = YES;
				SDKROOT = iphoneos;
				SWIFT_COMPILATION_MODE = wholemodule;
				SWIFT_OPTIMIZATION_LEVEL = "-O";
				VALIDATE_PRODUCT = YES;
			};
			name = Release;
		};
		D17E95A2256D6B8300DD43E1 /* Debug */ = {
			isa = XCBuildConfiguration;
			buildSettings = {
				ASSETCATALOG_COMPILER_APPICON_NAME = AppIcon;
				ASSETCATALOG_COMPILER_GLOBAL_ACCENT_COLOR_NAME = AccentColor;
				CODE_SIGN_STYLE = Automatic;
				INFOPLIST_FILE = "SPA Project/Info.plist";
				IPHONEOS_DEPLOYMENT_TARGET = 14.0;
				LD_RUNPATH_SEARCH_PATHS = (
					"$(inherited)",
					"@executable_path/Frameworks",
				);
				PRODUCT_BUNDLE_IDENTIFIER = "gospodinove.SPA-Project";
				PRODUCT_NAME = "$(TARGET_NAME)";
				SWIFT_VERSION = 5.0;
				TARGETED_DEVICE_FAMILY = "1,2";
			};
			name = Debug;
		};
		D17E95A3256D6B8300DD43E1 /* Release */ = {
			isa = XCBuildConfiguration;
			buildSettings = {
				ASSETCATALOG_COMPILER_APPICON_NAME = AppIcon;
				ASSETCATALOG_COMPILER_GLOBAL_ACCENT_COLOR_NAME = AccentColor;
				CODE_SIGN_STYLE = Automatic;
				INFOPLIST_FILE = "SPA Project/Info.plist";
				IPHONEOS_DEPLOYMENT_TARGET = 14.0;
				LD_RUNPATH_SEARCH_PATHS = (
					"$(inherited)",
					"@executable_path/Frameworks",
				);
				PRODUCT_BUNDLE_IDENTIFIER = "gospodinove.SPA-Project";
				PRODUCT_NAME = "$(TARGET_NAME)";
				SWIFT_VERSION = 5.0;
				TARGETED_DEVICE_FAMILY = "1,2";
			};
			name = Release;
		};
/* End XCBuildConfiguration section */

/* Begin XCConfigurationList section */
		D17E9588256D6B8200DD43E1 /* Build configuration list for PBXProject "SPA Project" */ = {
			isa = XCConfigurationList;
			buildConfigurations = (
				D17E959F256D6B8300DD43E1 /* Debug */,
				D17E95A0256D6B8300DD43E1 /* Release */,
			);
			defaultConfigurationIsVisible = 0;
			defaultConfigurationName = Release;
		};
		D17E95A1256D6B8300DD43E1 /* Build configuration list for PBXNativeTarget "SPA Project" */ = {
			isa = XCConfigurationList;
			buildConfigurations = (
				D17E95A2256D6B8300DD43E1 /* Debug */,
				D17E95A3256D6B8300DD43E1 /* Release */,
			);
			defaultConfigurationIsVisible = 0;
			defaultConfigurationName = Release;
		};
/* End XCConfigurationList section */
	};
	rootObject = D17E9585256D6B8200DD43E1 /* Project object */;
}
